
Microsoft Visual Studio Solution File, Format Version 12.00
# Visual Studio Express 2013 for Windows
VisualStudioVersion = 12.0.30723.0
MinimumVisualStudioVersion = 10.0.40219.1
Project("{FAE04EC0-301F-11D3-BF4B-00C04F79EFBC}") = "Despegar.WP.UI", "Despegar.WP.UI\Despegar.WP.UI.csproj", "{F4D22562-7CB1-4CB4-92D8-B56CE20B6F5C}"
EndProject
Project("{FAE04EC0-301F-11D3-BF4B-00C04F79EFBC}") = "Despegar.WP.UI.Model", "Despegar.WP.UI.Models\Despegar.WP.UI.Model.csproj", "{4BD277E3-3251-4CF8-8EE5-9EF410362D4F}"
EndProject
Project("{FAE04EC0-301F-11D3-BF4B-00C04F79EFBC}") = "Despegar.Core.IService", "Despegar.Core.IService\Despegar.Core.IService.csproj", "{3C3CDCA2-E9FC-4207-B71E-22A1C423D5F8}"
EndProject
Project("{FAE04EC0-301F-11D3-BF4B-00C04F79EFBC}") = "Despegar.Core.Service", "Despegar.Core.Service\Despegar.Core.Service.csproj", "{B4B6D17F-4416-4920-A500-4E9A88AD2D80}"
	ProjectSection(ProjectDependencies) = postProject
		{5492E373-6D3F-4163-8423-EC91B3E6A2D7} = {5492E373-6D3F-4163-8423-EC91B3E6A2D7}
	EndProjectSection
EndProject
Project("{FAE04EC0-301F-11D3-BF4B-00C04F79EFBC}") = "Despegar.Core.Connector", "Despegar.Core.Connector\Despegar.Core.Connector.csproj", "{54C368E1-6A4B-46BD-BA1F-F04B97C45E83}"
EndProject
Project("{FAE04EC0-301F-11D3-BF4B-00C04F79EFBC}") = "Despegar.Core.Connector.Model", "Despegar.Core.Connector.Model\Despegar.Core.Connector.Model.csproj", "{5492E373-6D3F-4163-8423-EC91B3E6A2D7}"
EndProject
Project("{FAE04EC0-301F-11D3-BF4B-00C04F79EFBC}") = "Despegar.Core.Business", "Despegar.Core.Business\Despegar.Core.Business.csproj", "{C4B34083-7E2A-461B-B525-4C238314655A}"
EndProject
Project("{FAE04EC0-301F-11D3-BF4B-00C04F79EFBC}") = "Despegar.Core.Exceptions", "Despegar.Core.Exceptions\Despegar.Core.Exceptions.csproj", "{9359897F-8DF6-4787-80DB-B68ED851088E}"
EndProject
Global
	GlobalSection(SolutionConfigurationPlatforms) = preSolution
		Debug|Any CPU = Debug|Any CPU
		Debug|ARM = Debug|ARM
		Debug|x86 = Debug|x86
		Release|Any CPU = Release|Any CPU
		Release|ARM = Release|ARM
		Release|x86 = Release|x86
	EndGlobalSection
	GlobalSection(ProjectConfigurationPlatforms) = postSolution
		{F4D22562-7CB1-4CB4-92D8-B56CE20B6F5C}.Debug|Any CPU.ActiveCfg = Debug|Any CPU
		{F4D22562-7CB1-4CB4-92D8-B56CE20B6F5C}.Debug|Any CPU.Build.0 = Debug|Any CPU
		{F4D22562-7CB1-4CB4-92D8-B56CE20B6F5C}.Debug|Any CPU.Deploy.0 = Debug|Any CPU
		{F4D22562-7CB1-4CB4-92D8-B56CE20B6F5C}.Debug|ARM.ActiveCfg = Debug|ARM
		{F4D22562-7CB1-4CB4-92D8-B56CE20B6F5C}.Debug|ARM.Build.0 = Debug|ARM
		{F4D22562-7CB1-4CB4-92D8-B56CE20B6F5C}.Debug|ARM.Deploy.0 = Debug|ARM
		{F4D22562-7CB1-4CB4-92D8-B56CE20B6F5C}.Debug|x86.ActiveCfg = Debug|x86
		{F4D22562-7CB1-4CB4-92D8-B56CE20B6F5C}.Debug|x86.Build.0 = Debug|x86
		{F4D22562-7CB1-4CB4-92D8-B56CE20B6F5C}.Debug|x86.Deploy.0 = Debug|x86
		{F4D22562-7CB1-4CB4-92D8-B56CE20B6F5C}.Release|Any CPU.ActiveCfg = Release|Any CPU
		{F4D22562-7CB1-4CB4-92D8-B56CE20B6F5C}.Release|Any CPU.Build.0 = Release|Any CPU
		{F4D22562-7CB1-4CB4-92D8-B56CE20B6F5C}.Release|Any CPU.Deploy.0 = Release|Any CPU
		{F4D22562-7CB1-4CB4-92D8-B56CE20B6F5C}.Release|ARM.ActiveCfg = Release|ARM
		{F4D22562-7CB1-4CB4-92D8-B56CE20B6F5C}.Release|ARM.Build.0 = Release|ARM
		{F4D22562-7CB1-4CB4-92D8-B56CE20B6F5C}.Release|ARM.Deploy.0 = Release|ARM
		{F4D22562-7CB1-4CB4-92D8-B56CE20B6F5C}.Release|x86.ActiveCfg = Release|x86
		{F4D22562-7CB1-4CB4-92D8-B56CE20B6F5C}.Release|x86.Build.0 = Release|x86
		{F4D22562-7CB1-4CB4-92D8-B56CE20B6F5C}.Release|x86.Deploy.0 = Release|x86
		{4BD277E3-3251-4CF8-8EE5-9EF410362D4F}.Debug|Any CPU.ActiveCfg = Debug|Any CPU
		{4BD277E3-3251-4CF8-8EE5-9EF410362D4F}.Debug|Any CPU.Build.0 = Debug|Any CPU
		{4BD277E3-3251-4CF8-8EE5-9EF410362D4F}.Debug|ARM.ActiveCfg = Debug|Any CPU
		{4BD277E3-3251-4CF8-8EE5-9EF410362D4F}.Debug|x86.ActiveCfg = Debug|Any CPU
		{4BD277E3-3251-4CF8-8EE5-9EF410362D4F}.Release|Any CPU.ActiveCfg = Release|Any CPU
		{4BD277E3-3251-4CF8-8EE5-9EF410362D4F}.Release|Any CPU.Build.0 = Release|Any CPU
		{4BD277E3-3251-4CF8-8EE5-9EF410362D4F}.Release|ARM.ActiveCfg = Release|Any CPU
		{4BD277E3-3251-4CF8-8EE5-9EF410362D4F}.Release|x86.ActiveCfg = Release|Any CPU
		{3C3CDCA2-E9FC-4207-B71E-22A1C423D5F8}.Debug|Any CPU.ActiveCfg = Debug|Any CPU
		{3C3CDCA2-E9FC-4207-B71E-22A1C423D5F8}.Debug|Any CPU.Build.0 = Debug|Any CPU
		{3C3CDCA2-E9FC-4207-B71E-22A1C423D5F8}.Debug|ARM.ActiveCfg = Debug|Any CPU
		{3C3CDCA2-E9FC-4207-B71E-22A1C423D5F8}.Debug|x86.ActiveCfg = Debug|Any CPU
		{3C3CDCA2-E9FC-4207-B71E-22A1C423D5F8}.Release|Any CPU.ActiveCfg = Release|Any CPU
		{3C3CDCA2-E9FC-4207-B71E-22A1C423D5F8}.Release|Any CPU.Build.0 = Release|Any CPU
		{3C3CDCA2-E9FC-4207-B71E-22A1C423D5F8}.Release|ARM.ActiveCfg = Release|Any CPU
		{3C3CDCA2-E9FC-4207-B71E-22A1C423D5F8}.Release|x86.ActiveCfg = Release|Any CPU
		{B4B6D17F-4416-4920-A500-4E9A88AD2D80}.Debug|Any CPU.ActiveCfg = Debug|Any CPU
		{B4B6D17F-4416-4920-A500-4E9A88AD2D80}.Debug|Any CPU.Build.0 = Debug|Any CPU
		{B4B6D17F-4416-4920-A500-4E9A88AD2D80}.Debug|ARM.ActiveCfg = Debug|Any CPU
		{B4B6D17F-4416-4920-A500-4E9A88AD2D80}.Debug|x86.ActiveCfg = Debug|Any CPU
		{B4B6D17F-4416-4920-A500-4E9A88AD2D80}.Release|Any CPU.ActiveCfg = Release|Any CPU
		{B4B6D17F-4416-4920-A500-4E9A88AD2D80}.Release|Any CPU.Build.0 = Release|Any CPU
		{B4B6D17F-4416-4920-A500-4E9A88AD2D80}.Release|ARM.ActiveCfg = Release|Any CPU
		{B4B6D17F-4416-4920-A500-4E9A88AD2D80}.Release|x86.ActiveCfg = Release|Any CPU
		{54C368E1-6A4B-46BD-BA1F-F04B97C45E83}.Debug|Any CPU.ActiveCfg = Debug|Any CPU
		{54C368E1-6A4B-46BD-BA1F-F04B97C45E83}.Debug|Any CPU.Build.0 = Debug|Any CPU
		{54C368E1-6A4B-46BD-BA1F-F04B97C45E83}.Debug|ARM.ActiveCfg = Debug|Any CPU
		{54C368E1-6A4B-46BD-BA1F-F04B97C45E83}.Debug|x86.ActiveCfg = Debug|Any CPU
		{54C368E1-6A4B-46BD-BA1F-F04B97C45E83}.Release|Any CPU.ActiveCfg = Release|Any CPU
		{54C368E1-6A4B-46BD-BA1F-F04B97C45E83}.Release|Any CPU.Build.0 = Release|Any CPU
		{54C368E1-6A4B-46BD-BA1F-F04B97C45E83}.Release|ARM.ActiveCfg = Release|Any CPU
		{54C368E1-6A4B-46BD-BA1F-F04B97C45E83}.Release|x86.ActiveCfg = Release|Any CPU
		{5492E373-6D3F-4163-8423-EC91B3E6A2D7}.Debug|Any CPU.ActiveCfg = Debug|Any CPU
		{5492E373-6D3F-4163-8423-EC91B3E6A2D7}.Debug|Any CPU.Build.0 = Debug|Any CPU
		{5492E373-6D3F-4163-8423-EC91B3E6A2D7}.Debug|ARM.ActiveCfg = Debug|Any CPU
		{5492E373-6D3F-4163-8423-EC91B3E6A2D7}.Debug|x86.ActiveCfg = Debug|Any CPU
		{5492E373-6D3F-4163-8423-EC91B3E6A2D7}.Release|Any CPU.ActiveCfg = Release|Any CPU
		{5492E373-6D3F-4163-8423-EC91B3E6A2D7}.Release|Any CPU.Build.0 = Release|Any CPU
		{5492E373-6D3F-4163-8423-EC91B3E6A2D7}.Release|ARM.ActiveCfg = Release|Any CPU
		{5492E373-6D3F-4163-8423-EC91B3E6A2D7}.Release|x86.ActiveCfg = Release|Any CPU
		{C4B34083-7E2A-461B-B525-4C238314655A}.Debug|Any CPU.ActiveCfg = Debug|Any CPU
		{C4B34083-7E2A-461B-B525-4C238314655A}.Debug|Any CPU.Build.0 = Debug|Any CPU
		{C4B34083-7E2A-461B-B525-4C238314655A}.Debug|ARM.ActiveCfg = Debug|Any CPU
		{C4B34083-7E2A-461B-B525-4C238314655A}.Debug|x86.ActiveCfg = Debug|Any CPU
		{C4B34083-7E2A-461B-B525-4C238314655A}.Release|Any CPU.ActiveCfg = Release|Any CPU
		{C4B34083-7E2A-461B-B525-4C238314655A}.Release|Any CPU.Build.0 = Release|Any CPU
		{C4B34083-7E2A-461B-B525-4C238314655A}.Release|ARM.ActiveCfg = Release|Any CPU
		{C4B34083-7E2A-461B-B525-4C238314655A}.Release|x86.ActiveCfg = Release|Any CPU
		{9359897F-8DF6-4787-80DB-B68ED851088E}.Debug|Any CPU.ActiveCfg = Debug|Any CPU
		{9359897F-8DF6-4787-80DB-B68ED851088E}.Debug|Any CPU.Build.0 = Debug|Any CPU
		{9359897F-8DF6-4787-80DB-B68ED851088E}.Debug|ARM.ActiveCfg = Debug|Any CPU
		{9359897F-8DF6-4787-80DB-B68ED851088E}.Debug|x86.ActiveCfg = Debug|Any CPU
		{9359897F-8DF6-4787-80DB-B68ED851088E}.Release|Any CPU.ActiveCfg = Release|Any CPU
		{9359897F-8DF6-4787-80DB-B68ED851088E}.Release|Any CPU.Build.0 = Release|Any CPU
		{9359897F-8DF6-4787-80DB-B68ED851088E}.Release|ARM.ActiveCfg = Release|Any CPU
		{9359897F-8DF6-4787-80DB-B68ED851088E}.Release|x86.ActiveCfg = Release|Any CPU
	EndGlobalSection
	GlobalSection(SolutionProperties) = preSolution
		HideSolutionNode = FALSE
	EndGlobalSection
EndGlobal
