
Microsoft Visual Studio Solution File, Format Version 12.00
# Visual Studio 2013
VisualStudioVersion = 12.0.30723.0
MinimumVisualStudioVersion = 10.0.40219.1
Project("{FAE04EC0-301F-11D3-BF4B-00C04F79EFBC}") = "Despegar.WP.UI", "Despegar.WP.UI\Despegar.WP.UI.csproj", "{F4D22562-7CB1-4CB4-92D8-B56CE20B6F5C}"
EndProject
Project("{FAE04EC0-301F-11D3-BF4B-00C04F79EFBC}") = "Despegar.WP.UI.Model", "Despegar.WP.UI.Models\Despegar.WP.UI.Model.csproj", "{4BD277E3-3251-4CF8-8EE5-9EF410362D4F}"
EndProject
Project("{FAE04EC0-301F-11D3-BF4B-00C04F79EFBC}") = "Despegar.Core.Neo", "Despegar.Core.Neo\Despegar.Core.Neo.csproj", "{DE72DBFD-6794-40BA-8615-276D4AE7CFE3}"
EndProject
Global
	GlobalSection(SolutionConfigurationPlatforms) = preSolution
		Debug|Any CPU = Debug|Any CPU
		Debug|ARM = Debug|ARM
		Debug|x86 = Debug|x86
		Decolar-Debug-Device|Any CPU = Decolar-Debug-Device|Any CPU
		Decolar-Debug-Device|ARM = Decolar-Debug-Device|ARM
		Decolar-Debug-Device|x86 = Decolar-Debug-Device|x86
		Decolar-Debug-Emulator|Any CPU = Decolar-Debug-Emulator|Any CPU
		Decolar-Debug-Emulator|ARM = Decolar-Debug-Emulator|ARM
		Decolar-Debug-Emulator|x86 = Decolar-Debug-Emulator|x86
		Decolar-Release-Device|Any CPU = Decolar-Release-Device|Any CPU
		Decolar-Release-Device|ARM = Decolar-Release-Device|ARM
		Decolar-Release-Device|x86 = Decolar-Release-Device|x86
		Decolar-Release-Emulator|Any CPU = Decolar-Release-Emulator|Any CPU
		Decolar-Release-Emulator|ARM = Decolar-Release-Emulator|ARM
		Decolar-Release-Emulator|x86 = Decolar-Release-Emulator|x86
		Despegar-Debug-Device|Any CPU = Despegar-Debug-Device|Any CPU
		Despegar-Debug-Device|ARM = Despegar-Debug-Device|ARM
		Despegar-Debug-Device|x86 = Despegar-Debug-Device|x86
		Despegar-Debug-Emulator|Any CPU = Despegar-Debug-Emulator|Any CPU
		Despegar-Debug-Emulator|ARM = Despegar-Debug-Emulator|ARM
		Despegar-Debug-Emulator|x86 = Despegar-Debug-Emulator|x86
		Despegar-Release-Device|Any CPU = Despegar-Release-Device|Any CPU
		Despegar-Release-Device|ARM = Despegar-Release-Device|ARM
		Despegar-Release-Device|x86 = Despegar-Release-Device|x86
		Despegar-Release-Emulator|Any CPU = Despegar-Release-Emulator|Any CPU
		Despegar-Release-Emulator|ARM = Despegar-Release-Emulator|ARM
		Despegar-Release-Emulator|x86 = Despegar-Release-Emulator|x86
		Release|Any CPU = Release|Any CPU
		Release|ARM = Release|ARM
		Release|x86 = Release|x86
	EndGlobalSection
	GlobalSection(ProjectConfigurationPlatforms) = postSolution
		{F4D22562-7CB1-4CB4-92D8-B56CE20B6F5C}.Debug|Any CPU.ActiveCfg = Decolar-Debug-Device|Any CPU
		{F4D22562-7CB1-4CB4-92D8-B56CE20B6F5C}.Debug|Any CPU.Build.0 = Decolar-Debug-Device|Any CPU
		{F4D22562-7CB1-4CB4-92D8-B56CE20B6F5C}.Debug|Any CPU.Deploy.0 = Decolar-Debug-Device|Any CPU
		{F4D22562-7CB1-4CB4-92D8-B56CE20B6F5C}.Debug|ARM.ActiveCfg = Despegar-Debug-Device|ARM
		{F4D22562-7CB1-4CB4-92D8-B56CE20B6F5C}.Debug|ARM.Build.0 = Despegar-Debug-Device|ARM
		{F4D22562-7CB1-4CB4-92D8-B56CE20B6F5C}.Debug|ARM.Deploy.0 = Despegar-Debug-Device|ARM
		{F4D22562-7CB1-4CB4-92D8-B56CE20B6F5C}.Debug|x86.ActiveCfg = Despegar-Debug|x86
		{F4D22562-7CB1-4CB4-92D8-B56CE20B6F5C}.Debug|x86.Build.0 = Despegar-Debug|x86
		{F4D22562-7CB1-4CB4-92D8-B56CE20B6F5C}.Debug|x86.Deploy.0 = Despegar-Debug|x86
		{F4D22562-7CB1-4CB4-92D8-B56CE20B6F5C}.Decolar-Debug-Device|Any CPU.ActiveCfg = Decolar-Debug-Device|ARM
		{F4D22562-7CB1-4CB4-92D8-B56CE20B6F5C}.Decolar-Debug-Device|Any CPU.Build.0 = Decolar-Debug-Device|ARM
		{F4D22562-7CB1-4CB4-92D8-B56CE20B6F5C}.Decolar-Debug-Device|Any CPU.Deploy.0 = Decolar-Debug-Device|ARM
		{F4D22562-7CB1-4CB4-92D8-B56CE20B6F5C}.Decolar-Debug-Device|ARM.ActiveCfg = Decolar-Debug-Device|ARM
		{F4D22562-7CB1-4CB4-92D8-B56CE20B6F5C}.Decolar-Debug-Device|ARM.Build.0 = Decolar-Debug-Device|ARM
		{F4D22562-7CB1-4CB4-92D8-B56CE20B6F5C}.Decolar-Debug-Device|ARM.Deploy.0 = Decolar-Debug-Device|ARM
		{F4D22562-7CB1-4CB4-92D8-B56CE20B6F5C}.Decolar-Debug-Device|x86.ActiveCfg = Decolar-Debug-Device|x86
		{F4D22562-7CB1-4CB4-92D8-B56CE20B6F5C}.Decolar-Debug-Device|x86.Build.0 = Decolar-Debug-Device|x86
		{F4D22562-7CB1-4CB4-92D8-B56CE20B6F5C}.Decolar-Debug-Device|x86.Deploy.0 = Decolar-Debug-Device|x86
		{F4D22562-7CB1-4CB4-92D8-B56CE20B6F5C}.Decolar-Debug-Emulator|Any CPU.ActiveCfg = Decolar-Debug|x86
		{F4D22562-7CB1-4CB4-92D8-B56CE20B6F5C}.Decolar-Debug-Emulator|Any CPU.Build.0 = Decolar-Debug|x86
		{F4D22562-7CB1-4CB4-92D8-B56CE20B6F5C}.Decolar-Debug-Emulator|Any CPU.Deploy.0 = Decolar-Debug|x86
		{F4D22562-7CB1-4CB4-92D8-B56CE20B6F5C}.Decolar-Debug-Emulator|ARM.ActiveCfg = Decolar-Debug|ARM
		{F4D22562-7CB1-4CB4-92D8-B56CE20B6F5C}.Decolar-Debug-Emulator|ARM.Build.0 = Decolar-Debug|ARM
		{F4D22562-7CB1-4CB4-92D8-B56CE20B6F5C}.Decolar-Debug-Emulator|ARM.Deploy.0 = Decolar-Debug|ARM
		{F4D22562-7CB1-4CB4-92D8-B56CE20B6F5C}.Decolar-Debug-Emulator|x86.ActiveCfg = Decolar-Debug|x86
		{F4D22562-7CB1-4CB4-92D8-B56CE20B6F5C}.Decolar-Debug-Emulator|x86.Build.0 = Decolar-Debug|x86
		{F4D22562-7CB1-4CB4-92D8-B56CE20B6F5C}.Decolar-Debug-Emulator|x86.Deploy.0 = Decolar-Debug|x86
		{F4D22562-7CB1-4CB4-92D8-B56CE20B6F5C}.Decolar-Release-Device|Any CPU.ActiveCfg = Decolar-Release|ARM
		{F4D22562-7CB1-4CB4-92D8-B56CE20B6F5C}.Decolar-Release-Device|Any CPU.Build.0 = Decolar-Release|ARM
		{F4D22562-7CB1-4CB4-92D8-B56CE20B6F5C}.Decolar-Release-Device|Any CPU.Deploy.0 = Decolar-Release|ARM
		{F4D22562-7CB1-4CB4-92D8-B56CE20B6F5C}.Decolar-Release-Device|ARM.ActiveCfg = Decolar-Release|ARM
		{F4D22562-7CB1-4CB4-92D8-B56CE20B6F5C}.Decolar-Release-Device|ARM.Build.0 = Decolar-Release|ARM
		{F4D22562-7CB1-4CB4-92D8-B56CE20B6F5C}.Decolar-Release-Device|ARM.Deploy.0 = Decolar-Release|ARM
		{F4D22562-7CB1-4CB4-92D8-B56CE20B6F5C}.Decolar-Release-Device|x86.ActiveCfg = Decolar-Release|x86
		{F4D22562-7CB1-4CB4-92D8-B56CE20B6F5C}.Decolar-Release-Device|x86.Build.0 = Decolar-Release|x86
		{F4D22562-7CB1-4CB4-92D8-B56CE20B6F5C}.Decolar-Release-Device|x86.Deploy.0 = Decolar-Release|x86
		{F4D22562-7CB1-4CB4-92D8-B56CE20B6F5C}.Decolar-Release-Emulator|Any CPU.ActiveCfg = Decolar-Release|x86
		{F4D22562-7CB1-4CB4-92D8-B56CE20B6F5C}.Decolar-Release-Emulator|Any CPU.Build.0 = Decolar-Release|x86
		{F4D22562-7CB1-4CB4-92D8-B56CE20B6F5C}.Decolar-Release-Emulator|Any CPU.Deploy.0 = Decolar-Release|x86
		{F4D22562-7CB1-4CB4-92D8-B56CE20B6F5C}.Decolar-Release-Emulator|ARM.ActiveCfg = Decolar-Release|ARM
		{F4D22562-7CB1-4CB4-92D8-B56CE20B6F5C}.Decolar-Release-Emulator|ARM.Build.0 = Decolar-Release|ARM
		{F4D22562-7CB1-4CB4-92D8-B56CE20B6F5C}.Decolar-Release-Emulator|ARM.Deploy.0 = Decolar-Release|ARM
		{F4D22562-7CB1-4CB4-92D8-B56CE20B6F5C}.Decolar-Release-Emulator|x86.ActiveCfg = Decolar-Release|x86
		{F4D22562-7CB1-4CB4-92D8-B56CE20B6F5C}.Decolar-Release-Emulator|x86.Build.0 = Decolar-Release|x86
		{F4D22562-7CB1-4CB4-92D8-B56CE20B6F5C}.Decolar-Release-Emulator|x86.Deploy.0 = Decolar-Release|x86
		{F4D22562-7CB1-4CB4-92D8-B56CE20B6F5C}.Despegar-Debug-Device|Any CPU.ActiveCfg = Despegar-Debug|ARM
		{F4D22562-7CB1-4CB4-92D8-B56CE20B6F5C}.Despegar-Debug-Device|Any CPU.Build.0 = Despegar-Debug|ARM
		{F4D22562-7CB1-4CB4-92D8-B56CE20B6F5C}.Despegar-Debug-Device|Any CPU.Deploy.0 = Despegar-Debug|ARM
		{F4D22562-7CB1-4CB4-92D8-B56CE20B6F5C}.Despegar-Debug-Device|ARM.ActiveCfg = Despegar-Debug-Device|ARM
		{F4D22562-7CB1-4CB4-92D8-B56CE20B6F5C}.Despegar-Debug-Device|ARM.Build.0 = Despegar-Debug-Device|ARM
		{F4D22562-7CB1-4CB4-92D8-B56CE20B6F5C}.Despegar-Debug-Device|ARM.Deploy.0 = Despegar-Debug-Device|ARM
		{F4D22562-7CB1-4CB4-92D8-B56CE20B6F5C}.Despegar-Debug-Device|x86.ActiveCfg = Despegar-Debug-Device|x86
		{F4D22562-7CB1-4CB4-92D8-B56CE20B6F5C}.Despegar-Debug-Device|x86.Build.0 = Despegar-Debug-Device|x86
		{F4D22562-7CB1-4CB4-92D8-B56CE20B6F5C}.Despegar-Debug-Device|x86.Deploy.0 = Despegar-Debug-Device|x86
		{F4D22562-7CB1-4CB4-92D8-B56CE20B6F5C}.Despegar-Debug-Emulator|Any CPU.ActiveCfg = Despegar-Debug|x86
		{F4D22562-7CB1-4CB4-92D8-B56CE20B6F5C}.Despegar-Debug-Emulator|Any CPU.Build.0 = Despegar-Debug|x86
		{F4D22562-7CB1-4CB4-92D8-B56CE20B6F5C}.Despegar-Debug-Emulator|Any CPU.Deploy.0 = Despegar-Debug|x86
		{F4D22562-7CB1-4CB4-92D8-B56CE20B6F5C}.Despegar-Debug-Emulator|ARM.ActiveCfg = Despegar-Debug|ARM
		{F4D22562-7CB1-4CB4-92D8-B56CE20B6F5C}.Despegar-Debug-Emulator|ARM.Build.0 = Despegar-Debug|ARM
		{F4D22562-7CB1-4CB4-92D8-B56CE20B6F5C}.Despegar-Debug-Emulator|ARM.Deploy.0 = Despegar-Debug|ARM
		{F4D22562-7CB1-4CB4-92D8-B56CE20B6F5C}.Despegar-Debug-Emulator|x86.ActiveCfg = Despegar-Debug|x86
		{F4D22562-7CB1-4CB4-92D8-B56CE20B6F5C}.Despegar-Debug-Emulator|x86.Build.0 = Despegar-Debug|x86
		{F4D22562-7CB1-4CB4-92D8-B56CE20B6F5C}.Despegar-Debug-Emulator|x86.Deploy.0 = Despegar-Debug|x86
		{F4D22562-7CB1-4CB4-92D8-B56CE20B6F5C}.Despegar-Release-Device|Any CPU.ActiveCfg = Despegar-Release|ARM
		{F4D22562-7CB1-4CB4-92D8-B56CE20B6F5C}.Despegar-Release-Device|Any CPU.Build.0 = Despegar-Release|ARM
		{F4D22562-7CB1-4CB4-92D8-B56CE20B6F5C}.Despegar-Release-Device|Any CPU.Deploy.0 = Despegar-Release|ARM
		{F4D22562-7CB1-4CB4-92D8-B56CE20B6F5C}.Despegar-Release-Device|ARM.ActiveCfg = Despegar-Release|ARM
		{F4D22562-7CB1-4CB4-92D8-B56CE20B6F5C}.Despegar-Release-Device|ARM.Build.0 = Despegar-Release|ARM
		{F4D22562-7CB1-4CB4-92D8-B56CE20B6F5C}.Despegar-Release-Device|ARM.Deploy.0 = Despegar-Release|ARM
		{F4D22562-7CB1-4CB4-92D8-B56CE20B6F5C}.Despegar-Release-Device|x86.ActiveCfg = Despegar-Release|x86
		{F4D22562-7CB1-4CB4-92D8-B56CE20B6F5C}.Despegar-Release-Device|x86.Build.0 = Despegar-Release|x86
		{F4D22562-7CB1-4CB4-92D8-B56CE20B6F5C}.Despegar-Release-Device|x86.Deploy.0 = Despegar-Release|x86
		{F4D22562-7CB1-4CB4-92D8-B56CE20B6F5C}.Despegar-Release-Emulator|Any CPU.ActiveCfg = Despegar-Release|x86
		{F4D22562-7CB1-4CB4-92D8-B56CE20B6F5C}.Despegar-Release-Emulator|Any CPU.Build.0 = Despegar-Release|x86
		{F4D22562-7CB1-4CB4-92D8-B56CE20B6F5C}.Despegar-Release-Emulator|Any CPU.Deploy.0 = Despegar-Release|x86
		{F4D22562-7CB1-4CB4-92D8-B56CE20B6F5C}.Despegar-Release-Emulator|ARM.ActiveCfg = Despegar-Release|ARM
		{F4D22562-7CB1-4CB4-92D8-B56CE20B6F5C}.Despegar-Release-Emulator|ARM.Build.0 = Despegar-Release|ARM
		{F4D22562-7CB1-4CB4-92D8-B56CE20B6F5C}.Despegar-Release-Emulator|ARM.Deploy.0 = Despegar-Release|ARM
		{F4D22562-7CB1-4CB4-92D8-B56CE20B6F5C}.Despegar-Release-Emulator|x86.ActiveCfg = Despegar-Release|x86
		{F4D22562-7CB1-4CB4-92D8-B56CE20B6F5C}.Despegar-Release-Emulator|x86.Build.0 = Despegar-Release|x86
		{F4D22562-7CB1-4CB4-92D8-B56CE20B6F5C}.Despegar-Release-Emulator|x86.Deploy.0 = Despegar-Release|x86
		{F4D22562-7CB1-4CB4-92D8-B56CE20B6F5C}.Release|Any CPU.ActiveCfg = Decolar-Release|Any CPU
		{F4D22562-7CB1-4CB4-92D8-B56CE20B6F5C}.Release|Any CPU.Build.0 = Decolar-Release|Any CPU
		{F4D22562-7CB1-4CB4-92D8-B56CE20B6F5C}.Release|Any CPU.Deploy.0 = Decolar-Release|Any CPU
		{F4D22562-7CB1-4CB4-92D8-B56CE20B6F5C}.Release|ARM.ActiveCfg = Despegar-Release|ARM
		{F4D22562-7CB1-4CB4-92D8-B56CE20B6F5C}.Release|ARM.Build.0 = Despegar-Release|ARM
		{F4D22562-7CB1-4CB4-92D8-B56CE20B6F5C}.Release|ARM.Deploy.0 = Despegar-Release|ARM
		{F4D22562-7CB1-4CB4-92D8-B56CE20B6F5C}.Release|x86.ActiveCfg = Despegar-Release|x86
		{F4D22562-7CB1-4CB4-92D8-B56CE20B6F5C}.Release|x86.Build.0 = Despegar-Release|x86
		{F4D22562-7CB1-4CB4-92D8-B56CE20B6F5C}.Release|x86.Deploy.0 = Despegar-Release|x86
		{4BD277E3-3251-4CF8-8EE5-9EF410362D4F}.Debug|Any CPU.ActiveCfg = Despegar-Debug|Any CPU
		{4BD277E3-3251-4CF8-8EE5-9EF410362D4F}.Debug|Any CPU.Build.0 = Despegar-Debug|Any CPU
		{4BD277E3-3251-4CF8-8EE5-9EF410362D4F}.Debug|ARM.ActiveCfg = Despegar-Debug|Any CPU
		{4BD277E3-3251-4CF8-8EE5-9EF410362D4F}.Debug|x86.ActiveCfg = Despegar-Debug|Any CPU
		{4BD277E3-3251-4CF8-8EE5-9EF410362D4F}.Decolar-Debug-Device|Any CPU.ActiveCfg = Decolar-Debug|Any CPU
		{4BD277E3-3251-4CF8-8EE5-9EF410362D4F}.Decolar-Debug-Device|Any CPU.Build.0 = Decolar-Debug|Any CPU
		{4BD277E3-3251-4CF8-8EE5-9EF410362D4F}.Decolar-Debug-Device|ARM.ActiveCfg = Decolar-Debug|Any CPU
		{4BD277E3-3251-4CF8-8EE5-9EF410362D4F}.Decolar-Debug-Device|x86.ActiveCfg = Decolar-Debug|Any CPU
		{4BD277E3-3251-4CF8-8EE5-9EF410362D4F}.Decolar-Debug-Emulator|Any CPU.ActiveCfg = Decolar-Debug|Any CPU
		{4BD277E3-3251-4CF8-8EE5-9EF410362D4F}.Decolar-Debug-Emulator|Any CPU.Build.0 = Decolar-Debug|Any CPU
		{4BD277E3-3251-4CF8-8EE5-9EF410362D4F}.Decolar-Debug-Emulator|ARM.ActiveCfg = Decolar-Debug|Any CPU
		{4BD277E3-3251-4CF8-8EE5-9EF410362D4F}.Decolar-Debug-Emulator|x86.ActiveCfg = Decolar-Debug|Any CPU
		{4BD277E3-3251-4CF8-8EE5-9EF410362D4F}.Decolar-Release-Device|Any CPU.ActiveCfg = Decolar-Release|Any CPU
		{4BD277E3-3251-4CF8-8EE5-9EF410362D4F}.Decolar-Release-Device|Any CPU.Build.0 = Decolar-Release|Any CPU
		{4BD277E3-3251-4CF8-8EE5-9EF410362D4F}.Decolar-Release-Device|ARM.ActiveCfg = Decolar-Release|Any CPU
		{4BD277E3-3251-4CF8-8EE5-9EF410362D4F}.Decolar-Release-Device|x86.ActiveCfg = Decolar-Release|Any CPU
		{4BD277E3-3251-4CF8-8EE5-9EF410362D4F}.Decolar-Release-Emulator|Any CPU.ActiveCfg = Decolar-Release|Any CPU
		{4BD277E3-3251-4CF8-8EE5-9EF410362D4F}.Decolar-Release-Emulator|Any CPU.Build.0 = Decolar-Release|Any CPU
		{4BD277E3-3251-4CF8-8EE5-9EF410362D4F}.Decolar-Release-Emulator|ARM.ActiveCfg = Decolar-Release|Any CPU
		{4BD277E3-3251-4CF8-8EE5-9EF410362D4F}.Decolar-Release-Emulator|x86.ActiveCfg = Decolar-Release|Any CPU
		{4BD277E3-3251-4CF8-8EE5-9EF410362D4F}.Despegar-Debug-Device|Any CPU.ActiveCfg = Despegar-Debug|Any CPU
		{4BD277E3-3251-4CF8-8EE5-9EF410362D4F}.Despegar-Debug-Device|Any CPU.Build.0 = Despegar-Debug|Any CPU
		{4BD277E3-3251-4CF8-8EE5-9EF410362D4F}.Despegar-Debug-Device|ARM.ActiveCfg = Despegar-Debug|Any CPU
		{4BD277E3-3251-4CF8-8EE5-9EF410362D4F}.Despegar-Debug-Device|x86.ActiveCfg = Despegar-Debug|Any CPU
		{4BD277E3-3251-4CF8-8EE5-9EF410362D4F}.Despegar-Debug-Emulator|Any CPU.ActiveCfg = Despegar-Debug|Any CPU
		{4BD277E3-3251-4CF8-8EE5-9EF410362D4F}.Despegar-Debug-Emulator|Any CPU.Build.0 = Despegar-Debug|Any CPU
		{4BD277E3-3251-4CF8-8EE5-9EF410362D4F}.Despegar-Debug-Emulator|ARM.ActiveCfg = Despegar-Debug|Any CPU
		{4BD277E3-3251-4CF8-8EE5-9EF410362D4F}.Despegar-Debug-Emulator|x86.ActiveCfg = Despegar-Debug|Any CPU
		{4BD277E3-3251-4CF8-8EE5-9EF410362D4F}.Despegar-Debug-Emulator|x86.Build.0 = Despegar-Debug|Any CPU
		{4BD277E3-3251-4CF8-8EE5-9EF410362D4F}.Despegar-Release-Device|Any CPU.ActiveCfg = Despegar-Release|Any CPU
		{4BD277E3-3251-4CF8-8EE5-9EF410362D4F}.Despegar-Release-Device|Any CPU.Build.0 = Despegar-Release|Any CPU
		{4BD277E3-3251-4CF8-8EE5-9EF410362D4F}.Despegar-Release-Device|ARM.ActiveCfg = Despegar-Release|Any CPU
		{4BD277E3-3251-4CF8-8EE5-9EF410362D4F}.Despegar-Release-Device|x86.ActiveCfg = Despegar-Release|Any CPU
		{4BD277E3-3251-4CF8-8EE5-9EF410362D4F}.Despegar-Release-Emulator|Any CPU.ActiveCfg = Despegar-Release|Any CPU
		{4BD277E3-3251-4CF8-8EE5-9EF410362D4F}.Despegar-Release-Emulator|Any CPU.Build.0 = Despegar-Release|Any CPU
		{4BD277E3-3251-4CF8-8EE5-9EF410362D4F}.Despegar-Release-Emulator|ARM.ActiveCfg = Despegar-Release|Any CPU
		{4BD277E3-3251-4CF8-8EE5-9EF410362D4F}.Despegar-Release-Emulator|x86.ActiveCfg = Despegar-Release|Any CPU
		{4BD277E3-3251-4CF8-8EE5-9EF410362D4F}.Release|Any CPU.ActiveCfg = Despegar-Release|Any CPU
		{4BD277E3-3251-4CF8-8EE5-9EF410362D4F}.Release|Any CPU.Build.0 = Despegar-Release|Any CPU
		{4BD277E3-3251-4CF8-8EE5-9EF410362D4F}.Release|ARM.ActiveCfg = Despegar-Release|Any CPU
		{4BD277E3-3251-4CF8-8EE5-9EF410362D4F}.Release|x86.ActiveCfg = Despegar-Release|Any CPU
		{DE72DBFD-6794-40BA-8615-276D4AE7CFE3}.Debug|Any CPU.ActiveCfg = Debug|Any CPU
		{DE72DBFD-6794-40BA-8615-276D4AE7CFE3}.Debug|Any CPU.Build.0 = Debug|Any CPU
		{DE72DBFD-6794-40BA-8615-276D4AE7CFE3}.Debug|ARM.ActiveCfg = Debug|Any CPU
		{DE72DBFD-6794-40BA-8615-276D4AE7CFE3}.Debug|x86.ActiveCfg = Debug|Any CPU
		{DE72DBFD-6794-40BA-8615-276D4AE7CFE3}.Decolar-Debug-Device|Any CPU.ActiveCfg = Debug|Any CPU
		{DE72DBFD-6794-40BA-8615-276D4AE7CFE3}.Decolar-Debug-Device|Any CPU.Build.0 = Debug|Any CPU
		{DE72DBFD-6794-40BA-8615-276D4AE7CFE3}.Decolar-Debug-Device|ARM.ActiveCfg = Debug|Any CPU
		{DE72DBFD-6794-40BA-8615-276D4AE7CFE3}.Decolar-Debug-Device|x86.ActiveCfg = Debug|Any CPU
		{DE72DBFD-6794-40BA-8615-276D4AE7CFE3}.Decolar-Debug-Emulator|Any CPU.ActiveCfg = Debug|Any CPU
		{DE72DBFD-6794-40BA-8615-276D4AE7CFE3}.Decolar-Debug-Emulator|Any CPU.Build.0 = Debug|Any CPU
		{DE72DBFD-6794-40BA-8615-276D4AE7CFE3}.Decolar-Debug-Emulator|ARM.ActiveCfg = Debug|Any CPU
		{DE72DBFD-6794-40BA-8615-276D4AE7CFE3}.Decolar-Debug-Emulator|x86.ActiveCfg = Debug|Any CPU
		{DE72DBFD-6794-40BA-8615-276D4AE7CFE3}.Decolar-Release-Device|Any CPU.ActiveCfg = Release|Any CPU
		{DE72DBFD-6794-40BA-8615-276D4AE7CFE3}.Decolar-Release-Device|Any CPU.Build.0 = Release|Any CPU
		{DE72DBFD-6794-40BA-8615-276D4AE7CFE3}.Decolar-Release-Device|ARM.ActiveCfg = Release|Any CPU
		{DE72DBFD-6794-40BA-8615-276D4AE7CFE3}.Decolar-Release-Device|x86.ActiveCfg = Release|Any CPU
		{DE72DBFD-6794-40BA-8615-276D4AE7CFE3}.Decolar-Release-Emulator|Any CPU.ActiveCfg = Release|Any CPU
		{DE72DBFD-6794-40BA-8615-276D4AE7CFE3}.Decolar-Release-Emulator|Any CPU.Build.0 = Release|Any CPU
		{DE72DBFD-6794-40BA-8615-276D4AE7CFE3}.Decolar-Release-Emulator|ARM.ActiveCfg = Release|Any CPU
		{DE72DBFD-6794-40BA-8615-276D4AE7CFE3}.Decolar-Release-Emulator|x86.ActiveCfg = Release|Any CPU
		{DE72DBFD-6794-40BA-8615-276D4AE7CFE3}.Despegar-Debug-Device|Any CPU.ActiveCfg = Debug|Any CPU
		{DE72DBFD-6794-40BA-8615-276D4AE7CFE3}.Despegar-Debug-Device|Any CPU.Build.0 = Debug|Any CPU
		{DE72DBFD-6794-40BA-8615-276D4AE7CFE3}.Despegar-Debug-Device|ARM.ActiveCfg = Debug|Any CPU
		{DE72DBFD-6794-40BA-8615-276D4AE7CFE3}.Despegar-Debug-Device|x86.ActiveCfg = Debug|Any CPU
		{DE72DBFD-6794-40BA-8615-276D4AE7CFE3}.Despegar-Debug-Emulator|Any CPU.ActiveCfg = Debug|Any CPU
		{DE72DBFD-6794-40BA-8615-276D4AE7CFE3}.Despegar-Debug-Emulator|Any CPU.Build.0 = Debug|Any CPU
		{DE72DBFD-6794-40BA-8615-276D4AE7CFE3}.Despegar-Debug-Emulator|ARM.ActiveCfg = Debug|Any CPU
		{DE72DBFD-6794-40BA-8615-276D4AE7CFE3}.Despegar-Debug-Emulator|x86.ActiveCfg = Debug|Any CPU
		{DE72DBFD-6794-40BA-8615-276D4AE7CFE3}.Despegar-Release-Device|Any CPU.ActiveCfg = Release|Any CPU
		{DE72DBFD-6794-40BA-8615-276D4AE7CFE3}.Despegar-Release-Device|Any CPU.Build.0 = Release|Any CPU
		{DE72DBFD-6794-40BA-8615-276D4AE7CFE3}.Despegar-Release-Device|ARM.ActiveCfg = Release|Any CPU
		{DE72DBFD-6794-40BA-8615-276D4AE7CFE3}.Despegar-Release-Device|x86.ActiveCfg = Release|Any CPU
		{DE72DBFD-6794-40BA-8615-276D4AE7CFE3}.Despegar-Release-Emulator|Any CPU.ActiveCfg = Release|Any CPU
		{DE72DBFD-6794-40BA-8615-276D4AE7CFE3}.Despegar-Release-Emulator|Any CPU.Build.0 = Release|Any CPU
		{DE72DBFD-6794-40BA-8615-276D4AE7CFE3}.Despegar-Release-Emulator|ARM.ActiveCfg = Release|Any CPU
		{DE72DBFD-6794-40BA-8615-276D4AE7CFE3}.Despegar-Release-Emulator|x86.ActiveCfg = Release|Any CPU
		{DE72DBFD-6794-40BA-8615-276D4AE7CFE3}.Release|Any CPU.ActiveCfg = Release|Any CPU
		{DE72DBFD-6794-40BA-8615-276D4AE7CFE3}.Release|Any CPU.Build.0 = Release|Any CPU
		{DE72DBFD-6794-40BA-8615-276D4AE7CFE3}.Release|ARM.ActiveCfg = Release|Any CPU
		{DE72DBFD-6794-40BA-8615-276D4AE7CFE3}.Release|x86.ActiveCfg = Release|Any CPU
	EndGlobalSection
	GlobalSection(SolutionProperties) = preSolution
		HideSolutionNode = FALSE
	EndGlobalSection
EndGlobal
