
Microsoft Visual Studio Solution File, Format Version 12.00
# Visual Studio 2013
VisualStudioVersion = 12.0.31101.0
MinimumVisualStudioVersion = 10.0.40219.1
Project("{FAE04EC0-301F-11D3-BF4B-00C04F79EFBC}") = "Despegar.WP.UI", "Despegar.WP.UI\Despegar.WP.UI.csproj", "{F4D22562-7CB1-4CB4-92D8-B56CE20B6F5C}"
EndProject
Project("{FAE04EC0-301F-11D3-BF4B-00C04F79EFBC}") = "Despegar.WP.UI.Model", "Despegar.WP.UI.Models\Despegar.WP.UI.Model.csproj", "{4BD277E3-3251-4CF8-8EE5-9EF410362D4F}"
EndProject
Project("{FAE04EC0-301F-11D3-BF4B-00C04F79EFBC}") = "Despegar.Core.IService", "Despegar.Core.IService\Despegar.Core.IService.csproj", "{3C3CDCA2-E9FC-4207-B71E-22A1C423D5F8}"
EndProject
Project("{FAE04EC0-301F-11D3-BF4B-00C04F79EFBC}") = "Despegar.Core.Service", "Despegar.Core.Service\Despegar.Core.Service.csproj", "{B4B6D17F-4416-4920-A500-4E9A88AD2D80}"
EndProject
Project("{FAE04EC0-301F-11D3-BF4B-00C04F79EFBC}") = "Despegar.Core.Connector", "Despegar.Core.Connector\Despegar.Core.Connector.csproj", "{54C368E1-6A4B-46BD-BA1F-F04B97C45E83}"
EndProject
Project("{FAE04EC0-301F-11D3-BF4B-00C04F79EFBC}") = "Despegar.Core.Business", "Despegar.Core.Business\Despegar.Core.Business.csproj", "{C4B34083-7E2A-461B-B525-4C238314655A}"
EndProject
Project("{FAE04EC0-301F-11D3-BF4B-00C04F79EFBC}") = "Despegar.Core.Exceptions", "Despegar.Core.Exceptions\Despegar.Core.Exceptions.csproj", "{9359897F-8DF6-4787-80DB-B68ED851088E}"
EndProject
Project("{FAE04EC0-301F-11D3-BF4B-00C04F79EFBC}") = "Despegar.LegacyCore", "Despegar.LegacyCore\Despegar.LegacyCore.csproj", "{8447A9FC-A65C-4FED-9DE3-CA9EEA1470DF}"
EndProject
Project("{FAE04EC0-301F-11D3-BF4B-00C04F79EFBC}") = "Despegar.Core.Log", "Despegar.Core.Log\Despegar.Core.Log.csproj", "{0C50151E-91DE-45C5-BB01-B03EC44D7735}"
EndProject
Global
	GlobalSection(SolutionConfigurationPlatforms) = preSolution
		Decolar-Debug|Any CPU = Decolar-Debug|Any CPU
		Decolar-Debug|ARM = Decolar-Debug|ARM
		Decolar-Debug|x86 = Decolar-Debug|x86
		Decolar-Release|Any CPU = Decolar-Release|Any CPU
		Decolar-Release|ARM = Decolar-Release|ARM
		Decolar-Release|x86 = Decolar-Release|x86
		Despegar-Debug|Any CPU = Despegar-Debug|Any CPU
		Despegar-Debug|ARM = Despegar-Debug|ARM
		Despegar-Debug|x86 = Despegar-Debug|x86
		Despegar-Release|Any CPU = Despegar-Release|Any CPU
		Despegar-Release|ARM = Despegar-Release|ARM
		Despegar-Release|x86 = Despegar-Release|x86
	EndGlobalSection
	GlobalSection(ProjectConfigurationPlatforms) = postSolution
		{F4D22562-7CB1-4CB4-92D8-B56CE20B6F5C}.Decolar-Debug|Any CPU.ActiveCfg = Decolar-Debug|Any CPU
		{F4D22562-7CB1-4CB4-92D8-B56CE20B6F5C}.Decolar-Debug|Any CPU.Build.0 = Decolar-Debug|Any CPU
		{F4D22562-7CB1-4CB4-92D8-B56CE20B6F5C}.Decolar-Debug|Any CPU.Deploy.0 = Decolar-Debug|Any CPU
		{F4D22562-7CB1-4CB4-92D8-B56CE20B6F5C}.Decolar-Debug|ARM.ActiveCfg = Decolar-Debug|ARM
		{F4D22562-7CB1-4CB4-92D8-B56CE20B6F5C}.Decolar-Debug|ARM.Build.0 = Decolar-Debug|ARM
		{F4D22562-7CB1-4CB4-92D8-B56CE20B6F5C}.Decolar-Debug|ARM.Deploy.0 = Decolar-Debug|ARM
		{F4D22562-7CB1-4CB4-92D8-B56CE20B6F5C}.Decolar-Debug|x86.ActiveCfg = Decolar-Debug|x86
		{F4D22562-7CB1-4CB4-92D8-B56CE20B6F5C}.Decolar-Debug|x86.Build.0 = Decolar-Debug|x86
		{F4D22562-7CB1-4CB4-92D8-B56CE20B6F5C}.Decolar-Debug|x86.Deploy.0 = Decolar-Debug|x86
		{F4D22562-7CB1-4CB4-92D8-B56CE20B6F5C}.Decolar-Release|Any CPU.ActiveCfg = Decolar-Release|Any CPU
		{F4D22562-7CB1-4CB4-92D8-B56CE20B6F5C}.Decolar-Release|Any CPU.Build.0 = Decolar-Release|Any CPU
		{F4D22562-7CB1-4CB4-92D8-B56CE20B6F5C}.Decolar-Release|Any CPU.Deploy.0 = Decolar-Release|Any CPU
		{F4D22562-7CB1-4CB4-92D8-B56CE20B6F5C}.Decolar-Release|ARM.ActiveCfg = Decolar-Release|ARM
		{F4D22562-7CB1-4CB4-92D8-B56CE20B6F5C}.Decolar-Release|ARM.Build.0 = Decolar-Release|ARM
		{F4D22562-7CB1-4CB4-92D8-B56CE20B6F5C}.Decolar-Release|ARM.Deploy.0 = Decolar-Release|ARM
		{F4D22562-7CB1-4CB4-92D8-B56CE20B6F5C}.Decolar-Release|x86.ActiveCfg = Decolar-Release|x86
		{F4D22562-7CB1-4CB4-92D8-B56CE20B6F5C}.Decolar-Release|x86.Build.0 = Decolar-Release|x86
		{F4D22562-7CB1-4CB4-92D8-B56CE20B6F5C}.Decolar-Release|x86.Deploy.0 = Decolar-Release|x86
		{F4D22562-7CB1-4CB4-92D8-B56CE20B6F5C}.Despegar-Debug|Any CPU.ActiveCfg = Despegar-Debug|x86
		{F4D22562-7CB1-4CB4-92D8-B56CE20B6F5C}.Despegar-Debug|Any CPU.Build.0 = Despegar-Debug|x86
		{F4D22562-7CB1-4CB4-92D8-B56CE20B6F5C}.Despegar-Debug|Any CPU.Deploy.0 = Despegar-Debug|x86
		{F4D22562-7CB1-4CB4-92D8-B56CE20B6F5C}.Despegar-Debug|ARM.ActiveCfg = Despegar-Debug|ARM
		{F4D22562-7CB1-4CB4-92D8-B56CE20B6F5C}.Despegar-Debug|ARM.Build.0 = Despegar-Debug|ARM
		{F4D22562-7CB1-4CB4-92D8-B56CE20B6F5C}.Despegar-Debug|ARM.Deploy.0 = Despegar-Debug|ARM
		{F4D22562-7CB1-4CB4-92D8-B56CE20B6F5C}.Despegar-Debug|x86.ActiveCfg = Despegar-Debug|x86
		{F4D22562-7CB1-4CB4-92D8-B56CE20B6F5C}.Despegar-Debug|x86.Build.0 = Despegar-Debug|x86
		{F4D22562-7CB1-4CB4-92D8-B56CE20B6F5C}.Despegar-Debug|x86.Deploy.0 = Despegar-Debug|x86
		{F4D22562-7CB1-4CB4-92D8-B56CE20B6F5C}.Despegar-Release|Any CPU.ActiveCfg = Despegar-Release|Any CPU
		{F4D22562-7CB1-4CB4-92D8-B56CE20B6F5C}.Despegar-Release|Any CPU.Build.0 = Despegar-Release|Any CPU
		{F4D22562-7CB1-4CB4-92D8-B56CE20B6F5C}.Despegar-Release|Any CPU.Deploy.0 = Despegar-Release|Any CPU
		{F4D22562-7CB1-4CB4-92D8-B56CE20B6F5C}.Despegar-Release|ARM.ActiveCfg = Despegar-Release|ARM
		{F4D22562-7CB1-4CB4-92D8-B56CE20B6F5C}.Despegar-Release|ARM.Build.0 = Despegar-Release|ARM
		{F4D22562-7CB1-4CB4-92D8-B56CE20B6F5C}.Despegar-Release|ARM.Deploy.0 = Despegar-Release|ARM
		{F4D22562-7CB1-4CB4-92D8-B56CE20B6F5C}.Despegar-Release|x86.ActiveCfg = Despegar-Release|x86
		{F4D22562-7CB1-4CB4-92D8-B56CE20B6F5C}.Despegar-Release|x86.Build.0 = Despegar-Release|x86
		{F4D22562-7CB1-4CB4-92D8-B56CE20B6F5C}.Despegar-Release|x86.Deploy.0 = Despegar-Release|x86
		{4BD277E3-3251-4CF8-8EE5-9EF410362D4F}.Decolar-Debug|Any CPU.ActiveCfg = Decolar-Debug|Any CPU
		{4BD277E3-3251-4CF8-8EE5-9EF410362D4F}.Decolar-Debug|Any CPU.Build.0 = Decolar-Debug|Any CPU
		{4BD277E3-3251-4CF8-8EE5-9EF410362D4F}.Decolar-Debug|ARM.ActiveCfg = Decolar-Debug|Any CPU
		{4BD277E3-3251-4CF8-8EE5-9EF410362D4F}.Decolar-Debug|x86.ActiveCfg = Decolar-Debug|Any CPU
		{4BD277E3-3251-4CF8-8EE5-9EF410362D4F}.Decolar-Release|Any CPU.ActiveCfg = Decolar-Release|Any CPU
		{4BD277E3-3251-4CF8-8EE5-9EF410362D4F}.Decolar-Release|Any CPU.Build.0 = Decolar-Release|Any CPU
		{4BD277E3-3251-4CF8-8EE5-9EF410362D4F}.Decolar-Release|ARM.ActiveCfg = Decolar-Release|Any CPU
		{4BD277E3-3251-4CF8-8EE5-9EF410362D4F}.Decolar-Release|x86.ActiveCfg = Decolar-Release|Any CPU
		{4BD277E3-3251-4CF8-8EE5-9EF410362D4F}.Despegar-Debug|Any CPU.ActiveCfg = Despegar-Debug|Any CPU
		{4BD277E3-3251-4CF8-8EE5-9EF410362D4F}.Despegar-Debug|Any CPU.Build.0 = Despegar-Debug|Any CPU
		{4BD277E3-3251-4CF8-8EE5-9EF410362D4F}.Despegar-Debug|ARM.ActiveCfg = Despegar-Debug|Any CPU
		{4BD277E3-3251-4CF8-8EE5-9EF410362D4F}.Despegar-Debug|x86.ActiveCfg = Despegar-Debug|Any CPU
		{4BD277E3-3251-4CF8-8EE5-9EF410362D4F}.Despegar-Release|Any CPU.ActiveCfg = Despegar-Release|Any CPU
		{4BD277E3-3251-4CF8-8EE5-9EF410362D4F}.Despegar-Release|Any CPU.Build.0 = Despegar-Release|Any CPU
		{4BD277E3-3251-4CF8-8EE5-9EF410362D4F}.Despegar-Release|ARM.ActiveCfg = Despegar-Release|Any CPU
		{4BD277E3-3251-4CF8-8EE5-9EF410362D4F}.Despegar-Release|x86.ActiveCfg = Despegar-Release|Any CPU
		{3C3CDCA2-E9FC-4207-B71E-22A1C423D5F8}.Decolar-Debug|Any CPU.ActiveCfg = Decolar-Debug|Any CPU
		{3C3CDCA2-E9FC-4207-B71E-22A1C423D5F8}.Decolar-Debug|Any CPU.Build.0 = Decolar-Debug|Any CPU
		{3C3CDCA2-E9FC-4207-B71E-22A1C423D5F8}.Decolar-Debug|ARM.ActiveCfg = Decolar-Debug|Any CPU
		{3C3CDCA2-E9FC-4207-B71E-22A1C423D5F8}.Decolar-Debug|x86.ActiveCfg = Decolar-Debug|Any CPU
		{3C3CDCA2-E9FC-4207-B71E-22A1C423D5F8}.Decolar-Release|Any CPU.ActiveCfg = Decolar-Release|Any CPU
		{3C3CDCA2-E9FC-4207-B71E-22A1C423D5F8}.Decolar-Release|Any CPU.Build.0 = Decolar-Release|Any CPU
		{3C3CDCA2-E9FC-4207-B71E-22A1C423D5F8}.Decolar-Release|ARM.ActiveCfg = Decolar-Release|Any CPU
		{3C3CDCA2-E9FC-4207-B71E-22A1C423D5F8}.Decolar-Release|x86.ActiveCfg = Decolar-Release|Any CPU
		{3C3CDCA2-E9FC-4207-B71E-22A1C423D5F8}.Despegar-Debug|Any CPU.ActiveCfg = Despegar-Debug|Any CPU
		{3C3CDCA2-E9FC-4207-B71E-22A1C423D5F8}.Despegar-Debug|Any CPU.Build.0 = Despegar-Debug|Any CPU
		{3C3CDCA2-E9FC-4207-B71E-22A1C423D5F8}.Despegar-Debug|ARM.ActiveCfg = Despegar-Debug|Any CPU
		{3C3CDCA2-E9FC-4207-B71E-22A1C423D5F8}.Despegar-Debug|x86.ActiveCfg = Despegar-Debug|Any CPU
		{3C3CDCA2-E9FC-4207-B71E-22A1C423D5F8}.Despegar-Release|Any CPU.ActiveCfg = Despegar-Release|Any CPU
		{3C3CDCA2-E9FC-4207-B71E-22A1C423D5F8}.Despegar-Release|Any CPU.Build.0 = Despegar-Release|Any CPU
		{3C3CDCA2-E9FC-4207-B71E-22A1C423D5F8}.Despegar-Release|ARM.ActiveCfg = Despegar-Release|Any CPU
		{3C3CDCA2-E9FC-4207-B71E-22A1C423D5F8}.Despegar-Release|x86.ActiveCfg = Despegar-Release|Any CPU
		{B4B6D17F-4416-4920-A500-4E9A88AD2D80}.Decolar-Debug|Any CPU.ActiveCfg = Decolar-Debug|Any CPU
		{B4B6D17F-4416-4920-A500-4E9A88AD2D80}.Decolar-Debug|Any CPU.Build.0 = Decolar-Debug|Any CPU
		{B4B6D17F-4416-4920-A500-4E9A88AD2D80}.Decolar-Debug|ARM.ActiveCfg = Decolar-Debug|Any CPU
		{B4B6D17F-4416-4920-A500-4E9A88AD2D80}.Decolar-Debug|x86.ActiveCfg = Decolar-Debug|Any CPU
		{B4B6D17F-4416-4920-A500-4E9A88AD2D80}.Decolar-Release|Any CPU.ActiveCfg = Decolar-Release|Any CPU
		{B4B6D17F-4416-4920-A500-4E9A88AD2D80}.Decolar-Release|Any CPU.Build.0 = Decolar-Release|Any CPU
		{B4B6D17F-4416-4920-A500-4E9A88AD2D80}.Decolar-Release|ARM.ActiveCfg = Decolar-Release|Any CPU
		{B4B6D17F-4416-4920-A500-4E9A88AD2D80}.Decolar-Release|x86.ActiveCfg = Decolar-Release|Any CPU
		{B4B6D17F-4416-4920-A500-4E9A88AD2D80}.Despegar-Debug|Any CPU.ActiveCfg = Despegar-Debug|Any CPU
		{B4B6D17F-4416-4920-A500-4E9A88AD2D80}.Despegar-Debug|Any CPU.Build.0 = Despegar-Debug|Any CPU
		{B4B6D17F-4416-4920-A500-4E9A88AD2D80}.Despegar-Debug|ARM.ActiveCfg = Despegar-Debug|Any CPU
		{B4B6D17F-4416-4920-A500-4E9A88AD2D80}.Despegar-Debug|x86.ActiveCfg = Despegar-Debug|Any CPU
		{B4B6D17F-4416-4920-A500-4E9A88AD2D80}.Despegar-Release|Any CPU.ActiveCfg = Despegar-Release|Any CPU
		{B4B6D17F-4416-4920-A500-4E9A88AD2D80}.Despegar-Release|Any CPU.Build.0 = Despegar-Release|Any CPU
		{B4B6D17F-4416-4920-A500-4E9A88AD2D80}.Despegar-Release|ARM.ActiveCfg = Despegar-Release|Any CPU
		{B4B6D17F-4416-4920-A500-4E9A88AD2D80}.Despegar-Release|x86.ActiveCfg = Despegar-Release|Any CPU
		{54C368E1-6A4B-46BD-BA1F-F04B97C45E83}.Decolar-Debug|Any CPU.ActiveCfg = Decolar-Debug|Any CPU
		{54C368E1-6A4B-46BD-BA1F-F04B97C45E83}.Decolar-Debug|Any CPU.Build.0 = Decolar-Debug|Any CPU
		{54C368E1-6A4B-46BD-BA1F-F04B97C45E83}.Decolar-Debug|ARM.ActiveCfg = Decolar-Debug|Any CPU
		{54C368E1-6A4B-46BD-BA1F-F04B97C45E83}.Decolar-Debug|x86.ActiveCfg = Decolar-Debug|Any CPU
		{54C368E1-6A4B-46BD-BA1F-F04B97C45E83}.Decolar-Release|Any CPU.ActiveCfg = Decolar-Release|Any CPU
		{54C368E1-6A4B-46BD-BA1F-F04B97C45E83}.Decolar-Release|Any CPU.Build.0 = Decolar-Release|Any CPU
		{54C368E1-6A4B-46BD-BA1F-F04B97C45E83}.Decolar-Release|ARM.ActiveCfg = Decolar-Release|Any CPU
		{54C368E1-6A4B-46BD-BA1F-F04B97C45E83}.Decolar-Release|x86.ActiveCfg = Decolar-Release|Any CPU
		{54C368E1-6A4B-46BD-BA1F-F04B97C45E83}.Despegar-Debug|Any CPU.ActiveCfg = Despegar-Debug|Any CPU
		{54C368E1-6A4B-46BD-BA1F-F04B97C45E83}.Despegar-Debug|Any CPU.Build.0 = Despegar-Debug|Any CPU
		{54C368E1-6A4B-46BD-BA1F-F04B97C45E83}.Despegar-Debug|ARM.ActiveCfg = Despegar-Debug|Any CPU
		{54C368E1-6A4B-46BD-BA1F-F04B97C45E83}.Despegar-Debug|x86.ActiveCfg = Despegar-Debug|Any CPU
		{54C368E1-6A4B-46BD-BA1F-F04B97C45E83}.Despegar-Release|Any CPU.ActiveCfg = Despegar-Release|Any CPU
		{54C368E1-6A4B-46BD-BA1F-F04B97C45E83}.Despegar-Release|Any CPU.Build.0 = Despegar-Release|Any CPU
		{54C368E1-6A4B-46BD-BA1F-F04B97C45E83}.Despegar-Release|ARM.ActiveCfg = Despegar-Release|Any CPU
		{54C368E1-6A4B-46BD-BA1F-F04B97C45E83}.Despegar-Release|x86.ActiveCfg = Despegar-Release|Any CPU
		{C4B34083-7E2A-461B-B525-4C238314655A}.Decolar-Debug|Any CPU.ActiveCfg = Decolar-Debug|Any CPU
		{C4B34083-7E2A-461B-B525-4C238314655A}.Decolar-Debug|Any CPU.Build.0 = Decolar-Debug|Any CPU
		{C4B34083-7E2A-461B-B525-4C238314655A}.Decolar-Debug|ARM.ActiveCfg = Decolar-Debug|Any CPU
		{C4B34083-7E2A-461B-B525-4C238314655A}.Decolar-Debug|x86.ActiveCfg = Decolar-Debug|Any CPU
		{C4B34083-7E2A-461B-B525-4C238314655A}.Decolar-Release|Any CPU.ActiveCfg = Decolar-Release|Any CPU
		{C4B34083-7E2A-461B-B525-4C238314655A}.Decolar-Release|Any CPU.Build.0 = Decolar-Release|Any CPU
		{C4B34083-7E2A-461B-B525-4C238314655A}.Decolar-Release|ARM.ActiveCfg = Decolar-Release|Any CPU
		{C4B34083-7E2A-461B-B525-4C238314655A}.Decolar-Release|x86.ActiveCfg = Decolar-Release|Any CPU
		{C4B34083-7E2A-461B-B525-4C238314655A}.Despegar-Debug|Any CPU.ActiveCfg = Despegar-Debug|Any CPU
		{C4B34083-7E2A-461B-B525-4C238314655A}.Despegar-Debug|Any CPU.Build.0 = Despegar-Debug|Any CPU
		{C4B34083-7E2A-461B-B525-4C238314655A}.Despegar-Debug|ARM.ActiveCfg = Despegar-Debug|Any CPU
		{C4B34083-7E2A-461B-B525-4C238314655A}.Despegar-Debug|x86.ActiveCfg = Despegar-Debug|Any CPU
		{C4B34083-7E2A-461B-B525-4C238314655A}.Despegar-Release|Any CPU.ActiveCfg = Despegar-Release|Any CPU
		{C4B34083-7E2A-461B-B525-4C238314655A}.Despegar-Release|Any CPU.Build.0 = Despegar-Release|Any CPU
		{C4B34083-7E2A-461B-B525-4C238314655A}.Despegar-Release|ARM.ActiveCfg = Despegar-Release|Any CPU
		{C4B34083-7E2A-461B-B525-4C238314655A}.Despegar-Release|x86.ActiveCfg = Despegar-Release|Any CPU
		{9359897F-8DF6-4787-80DB-B68ED851088E}.Decolar-Debug|Any CPU.ActiveCfg = Decolar-Debug|Any CPU
		{9359897F-8DF6-4787-80DB-B68ED851088E}.Decolar-Debug|Any CPU.Build.0 = Decolar-Debug|Any CPU
		{9359897F-8DF6-4787-80DB-B68ED851088E}.Decolar-Debug|ARM.ActiveCfg = Decolar-Debug|Any CPU
		{9359897F-8DF6-4787-80DB-B68ED851088E}.Decolar-Debug|x86.ActiveCfg = Decolar-Debug|Any CPU
		{9359897F-8DF6-4787-80DB-B68ED851088E}.Decolar-Release|Any CPU.ActiveCfg = Decolar-Release|Any CPU
		{9359897F-8DF6-4787-80DB-B68ED851088E}.Decolar-Release|Any CPU.Build.0 = Decolar-Release|Any CPU
		{9359897F-8DF6-4787-80DB-B68ED851088E}.Decolar-Release|ARM.ActiveCfg = Decolar-Release|Any CPU
		{9359897F-8DF6-4787-80DB-B68ED851088E}.Decolar-Release|x86.ActiveCfg = Decolar-Release|Any CPU
		{9359897F-8DF6-4787-80DB-B68ED851088E}.Despegar-Debug|Any CPU.ActiveCfg = Despegar-Debug|Any CPU
		{9359897F-8DF6-4787-80DB-B68ED851088E}.Despegar-Debug|Any CPU.Build.0 = Despegar-Debug|Any CPU
		{9359897F-8DF6-4787-80DB-B68ED851088E}.Despegar-Debug|ARM.ActiveCfg = Despegar-Debug|Any CPU
		{9359897F-8DF6-4787-80DB-B68ED851088E}.Despegar-Debug|x86.ActiveCfg = Despegar-Debug|Any CPU
		{9359897F-8DF6-4787-80DB-B68ED851088E}.Despegar-Release|Any CPU.ActiveCfg = Despegar-Release|Any CPU
		{9359897F-8DF6-4787-80DB-B68ED851088E}.Despegar-Release|Any CPU.Build.0 = Despegar-Release|Any CPU
		{9359897F-8DF6-4787-80DB-B68ED851088E}.Despegar-Release|ARM.ActiveCfg = Despegar-Release|Any CPU
		{9359897F-8DF6-4787-80DB-B68ED851088E}.Despegar-Release|x86.ActiveCfg = Despegar-Release|Any CPU
		{8447A9FC-A65C-4FED-9DE3-CA9EEA1470DF}.Decolar-Debug|Any CPU.ActiveCfg = Decolar-Debug|Any CPU
		{8447A9FC-A65C-4FED-9DE3-CA9EEA1470DF}.Decolar-Debug|Any CPU.Build.0 = Decolar-Debug|Any CPU
		{8447A9FC-A65C-4FED-9DE3-CA9EEA1470DF}.Decolar-Debug|ARM.ActiveCfg = Decolar-Debug|ARM
		{8447A9FC-A65C-4FED-9DE3-CA9EEA1470DF}.Decolar-Debug|ARM.Build.0 = Decolar-Debug|ARM
		{8447A9FC-A65C-4FED-9DE3-CA9EEA1470DF}.Decolar-Debug|x86.ActiveCfg = Decolar-Debug|x86
		{8447A9FC-A65C-4FED-9DE3-CA9EEA1470DF}.Decolar-Debug|x86.Build.0 = Decolar-Debug|x86
		{8447A9FC-A65C-4FED-9DE3-CA9EEA1470DF}.Decolar-Release|Any CPU.ActiveCfg = Decolar-Release|Any CPU
		{8447A9FC-A65C-4FED-9DE3-CA9EEA1470DF}.Decolar-Release|Any CPU.Build.0 = Decolar-Release|Any CPU
		{8447A9FC-A65C-4FED-9DE3-CA9EEA1470DF}.Decolar-Release|ARM.ActiveCfg = Decolar-Release|ARM
		{8447A9FC-A65C-4FED-9DE3-CA9EEA1470DF}.Decolar-Release|ARM.Build.0 = Decolar-Release|ARM
		{8447A9FC-A65C-4FED-9DE3-CA9EEA1470DF}.Decolar-Release|x86.ActiveCfg = Decolar-Release|x86
		{8447A9FC-A65C-4FED-9DE3-CA9EEA1470DF}.Decolar-Release|x86.Build.0 = Decolar-Release|x86
		{8447A9FC-A65C-4FED-9DE3-CA9EEA1470DF}.Despegar-Debug|Any CPU.ActiveCfg = Despegar-Debug|Any CPU
		{8447A9FC-A65C-4FED-9DE3-CA9EEA1470DF}.Despegar-Debug|Any CPU.Build.0 = Despegar-Debug|Any CPU
		{8447A9FC-A65C-4FED-9DE3-CA9EEA1470DF}.Despegar-Debug|ARM.ActiveCfg = Despegar-Debug|ARM
		{8447A9FC-A65C-4FED-9DE3-CA9EEA1470DF}.Despegar-Debug|ARM.Build.0 = Despegar-Debug|ARM
		{8447A9FC-A65C-4FED-9DE3-CA9EEA1470DF}.Despegar-Debug|x86.ActiveCfg = Despegar-Debug|x86
		{8447A9FC-A65C-4FED-9DE3-CA9EEA1470DF}.Despegar-Debug|x86.Build.0 = Despegar-Debug|x86
		{8447A9FC-A65C-4FED-9DE3-CA9EEA1470DF}.Despegar-Release|Any CPU.ActiveCfg = Despegar-Release|Any CPU
		{8447A9FC-A65C-4FED-9DE3-CA9EEA1470DF}.Despegar-Release|Any CPU.Build.0 = Despegar-Release|Any CPU
		{8447A9FC-A65C-4FED-9DE3-CA9EEA1470DF}.Despegar-Release|ARM.ActiveCfg = Despegar-Release|ARM
		{8447A9FC-A65C-4FED-9DE3-CA9EEA1470DF}.Despegar-Release|ARM.Build.0 = Despegar-Release|ARM
		{8447A9FC-A65C-4FED-9DE3-CA9EEA1470DF}.Despegar-Release|x86.ActiveCfg = Despegar-Release|x86
		{8447A9FC-A65C-4FED-9DE3-CA9EEA1470DF}.Despegar-Release|x86.Build.0 = Despegar-Release|x86
		{0C50151E-91DE-45C5-BB01-B03EC44D7735}.Decolar-Debug|Any CPU.ActiveCfg = Decolar-Debug|Any CPU
		{0C50151E-91DE-45C5-BB01-B03EC44D7735}.Decolar-Debug|Any CPU.Build.0 = Decolar-Debug|Any CPU
		{0C50151E-91DE-45C5-BB01-B03EC44D7735}.Decolar-Debug|ARM.ActiveCfg = Decolar-Debug|Any CPU
		{0C50151E-91DE-45C5-BB01-B03EC44D7735}.Decolar-Debug|x86.ActiveCfg = Decolar-Debug|Any CPU
		{0C50151E-91DE-45C5-BB01-B03EC44D7735}.Decolar-Release|Any CPU.ActiveCfg = Decolar-Release|Any CPU
		{0C50151E-91DE-45C5-BB01-B03EC44D7735}.Decolar-Release|Any CPU.Build.0 = Decolar-Release|Any CPU
		{0C50151E-91DE-45C5-BB01-B03EC44D7735}.Decolar-Release|ARM.ActiveCfg = Decolar-Release|Any CPU
		{0C50151E-91DE-45C5-BB01-B03EC44D7735}.Decolar-Release|x86.ActiveCfg = Decolar-Release|Any CPU
		{0C50151E-91DE-45C5-BB01-B03EC44D7735}.Despegar-Debug|Any CPU.ActiveCfg = Despegar-Debug|Any CPU
		{0C50151E-91DE-45C5-BB01-B03EC44D7735}.Despegar-Debug|Any CPU.Build.0 = Despegar-Debug|Any CPU
		{0C50151E-91DE-45C5-BB01-B03EC44D7735}.Despegar-Debug|ARM.ActiveCfg = Despegar-Debug|Any CPU
		{0C50151E-91DE-45C5-BB01-B03EC44D7735}.Despegar-Debug|x86.ActiveCfg = Despegar-Debug|Any CPU
		{0C50151E-91DE-45C5-BB01-B03EC44D7735}.Despegar-Release|Any CPU.ActiveCfg = Despegar-Release|Any CPU
		{0C50151E-91DE-45C5-BB01-B03EC44D7735}.Despegar-Release|Any CPU.Build.0 = Despegar-Release|Any CPU
		{0C50151E-91DE-45C5-BB01-B03EC44D7735}.Despegar-Release|ARM.ActiveCfg = Despegar-Release|Any CPU
		{0C50151E-91DE-45C5-BB01-B03EC44D7735}.Despegar-Release|x86.ActiveCfg = Despegar-Release|Any CPU
	EndGlobalSection
	GlobalSection(SolutionProperties) = preSolution
		HideSolutionNode = FALSE
	EndGlobalSection
EndGlobal
